
Microsoft Visual Studio Solution File, Format Version 12.00
# Visual Studio Version 16
VisualStudioVersion = 16.0.29209.152
MinimumVisualStudioVersion = 10.0.40219.1
Project("{FAE04EC0-301F-11D3-BF4B-00C04F79EFBC}") = "ToDo.Application", "ToDo.Application\ToDo.Application.csproj", "{10558ECB-69A0-4F00-A480-A32F2128BB17}"
EndProject
Project("{FAE04EC0-301F-11D3-BF4B-00C04F79EFBC}") = "ToDo.UnitTests", "ToDo.UnitTests\ToDo.UnitTests.csproj", "{0BF4E6A5-96B5-4521-922D-A7226D8BD0B6}"
EndProject
Project("{FAE04EC0-301F-11D3-BF4B-00C04F79EFBC}") = "ToDo.Domain", "ToDo.Domain\ToDo.Domain.csproj", "{B73C12D1-E352-441B-90D0-ED7716C770FD}"
EndProject
Project("{FAE04EC0-301F-11D3-BF4B-00C04F79EFBC}") = "ToDo.Infrastructure", "ToDo.Infrastructure\ToDo.Infrastructure.csproj", "{0349C566-BE69-427E-A2CD-EC0E82D48FBF}"
EndProject
Global
	GlobalSection(SolutionConfigurationPlatforms) = preSolution
		Debug|Any CPU = Debug|Any CPU
		Release|Any CPU = Release|Any CPU
	EndGlobalSection
	GlobalSection(ProjectConfigurationPlatforms) = postSolution
		{10558ECB-69A0-4F00-A480-A32F2128BB17}.Debug|Any CPU.ActiveCfg = Debug|Any CPU
		{10558ECB-69A0-4F00-A480-A32F2128BB17}.Debug|Any CPU.Build.0 = Debug|Any CPU
		{10558ECB-69A0-4F00-A480-A32F2128BB17}.Release|Any CPU.ActiveCfg = Release|Any CPU
		{10558ECB-69A0-4F00-A480-A32F2128BB17}.Release|Any CPU.Build.0 = Release|Any CPU
		{0BF4E6A5-96B5-4521-922D-A7226D8BD0B6}.Debug|Any CPU.ActiveCfg = Debug|Any CPU
		{0BF4E6A5-96B5-4521-922D-A7226D8BD0B6}.Debug|Any CPU.Build.0 = Debug|Any CPU
		{0BF4E6A5-96B5-4521-922D-A7226D8BD0B6}.Release|Any CPU.ActiveCfg = Release|Any CPU
		{0BF4E6A5-96B5-4521-922D-A7226D8BD0B6}.Release|Any CPU.Build.0 = Release|Any CPU
		{B73C12D1-E352-441B-90D0-ED7716C770FD}.Debug|Any CPU.ActiveCfg = Debug|Any CPU
		{B73C12D1-E352-441B-90D0-ED7716C770FD}.Debug|Any CPU.Build.0 = Debug|Any CPU
		{B73C12D1-E352-441B-90D0-ED7716C770FD}.Release|Any CPU.ActiveCfg = Release|Any CPU
		{B73C12D1-E352-441B-90D0-ED7716C770FD}.Release|Any CPU.Build.0 = Release|Any CPU
		{0349C566-BE69-427E-A2CD-EC0E82D48FBF}.Debug|Any CPU.ActiveCfg = Debug|Any CPU
		{0349C566-BE69-427E-A2CD-EC0E82D48FBF}.Debug|Any CPU.Build.0 = Debug|Any CPU
		{0349C566-BE69-427E-A2CD-EC0E82D48FBF}.Release|Any CPU.ActiveCfg = Release|Any CPU
		{0349C566-BE69-427E-A2CD-EC0E82D48FBF}.Release|Any CPU.Build.0 = Release|Any CPU
	EndGlobalSection
	GlobalSection(SolutionProperties) = preSolution
		HideSolutionNode = FALSE
	EndGlobalSection
	GlobalSection(ExtensibilityGlobals) = postSolution
		SolutionGuid = {7FC3EB41-5A70-484B-8333-4852CD6828B2}
	EndGlobalSection
EndGlobal
