
Microsoft Visual Studio Solution File, Format Version 12.00
# Visual Studio Version 16
VisualStudioVersion = 16.0.29209.152
MinimumVisualStudioVersion = 10.0.40219.1
Project("{9A19103F-16F7-4668-BE54-9A1E7A4F7556}") = "ToDo", "ToDo\ToDo.csproj", "{1FF1D76D-1784-4C98-AA8B-714AA719E0CF}"
EndProject
Project("{9A19103F-16F7-4668-BE54-9A1E7A4F7556}") = "ToDo.Tests", "ToDo.Tests\ToDo.Tests.csproj", "{B0D9EBB7-7558-4E2D-8087-363047681025}"
EndProject
Project("{9A19103F-16F7-4668-BE54-9A1E7A4F7556}") = "ToDo.ConsoleApp", "ToDo.ConsoleApp\ToDo.ConsoleApp.csproj", "{D8332253-42C7-4451-B114-66377673253A}"
EndProject
Project("{9A19103F-16F7-4668-BE54-9A1E7A4F7556}") = "ToDo.WebApi", "Todo.WebApi\ToDo.WebApi.csproj", "{951E7A84-F691-4114-979A-A121C8CF5FBF}"
EndProject
Project("{FAE04EC0-301F-11D3-BF4B-00C04F79EFBC}") = "ToDo.Entities", "ToDo.Entities\ToDo.Entities.csproj", "{9794FF8C-4237-4B4B-8AB5-6F5BEC5F96D0}"
EndProject
Project("{FAE04EC0-301F-11D3-BF4B-00C04F79EFBC}") = "ToDo.WebApi.IntegrationTests", "ToDo.WebApi.IntegrationTests\ToDo.WebApi.IntegrationTests.csproj", "{5071D0A4-215A-4505-B6E2-F904AF5614F7}"
EndProject
Global
	GlobalSection(SolutionConfigurationPlatforms) = preSolution
		Debug|Any CPU = Debug|Any CPU
		Release|Any CPU = Release|Any CPU
	EndGlobalSection
	GlobalSection(ProjectConfigurationPlatforms) = postSolution
		{1FF1D76D-1784-4C98-AA8B-714AA719E0CF}.Debug|Any CPU.ActiveCfg = Debug|Any CPU
		{1FF1D76D-1784-4C98-AA8B-714AA719E0CF}.Debug|Any CPU.Build.0 = Debug|Any CPU
		{1FF1D76D-1784-4C98-AA8B-714AA719E0CF}.Release|Any CPU.ActiveCfg = Release|Any CPU
		{1FF1D76D-1784-4C98-AA8B-714AA719E0CF}.Release|Any CPU.Build.0 = Release|Any CPU
		{B0D9EBB7-7558-4E2D-8087-363047681025}.Debug|Any CPU.ActiveCfg = Debug|Any CPU
		{B0D9EBB7-7558-4E2D-8087-363047681025}.Debug|Any CPU.Build.0 = Debug|Any CPU
		{B0D9EBB7-7558-4E2D-8087-363047681025}.Release|Any CPU.ActiveCfg = Release|Any CPU
		{B0D9EBB7-7558-4E2D-8087-363047681025}.Release|Any CPU.Build.0 = Release|Any CPU
		{D8332253-42C7-4451-B114-66377673253A}.Debug|Any CPU.ActiveCfg = Debug|Any CPU
		{D8332253-42C7-4451-B114-66377673253A}.Debug|Any CPU.Build.0 = Debug|Any CPU
		{D8332253-42C7-4451-B114-66377673253A}.Release|Any CPU.ActiveCfg = Release|Any CPU
		{D8332253-42C7-4451-B114-66377673253A}.Release|Any CPU.Build.0 = Release|Any CPU
		{951E7A84-F691-4114-979A-A121C8CF5FBF}.Debug|Any CPU.ActiveCfg = Debug|Any CPU
		{951E7A84-F691-4114-979A-A121C8CF5FBF}.Debug|Any CPU.Build.0 = Debug|Any CPU
		{951E7A84-F691-4114-979A-A121C8CF5FBF}.Release|Any CPU.ActiveCfg = Release|Any CPU
		{951E7A84-F691-4114-979A-A121C8CF5FBF}.Release|Any CPU.Build.0 = Release|Any CPU
		{9794FF8C-4237-4B4B-8AB5-6F5BEC5F96D0}.Debug|Any CPU.ActiveCfg = Debug|Any CPU
		{9794FF8C-4237-4B4B-8AB5-6F5BEC5F96D0}.Debug|Any CPU.Build.0 = Debug|Any CPU
		{9794FF8C-4237-4B4B-8AB5-6F5BEC5F96D0}.Release|Any CPU.ActiveCfg = Release|Any CPU
		{9794FF8C-4237-4B4B-8AB5-6F5BEC5F96D0}.Release|Any CPU.Build.0 = Release|Any CPU
		{5071D0A4-215A-4505-B6E2-F904AF5614F7}.Debug|Any CPU.ActiveCfg = Debug|Any CPU
		{5071D0A4-215A-4505-B6E2-F904AF5614F7}.Debug|Any CPU.Build.0 = Debug|Any CPU
		{5071D0A4-215A-4505-B6E2-F904AF5614F7}.Release|Any CPU.ActiveCfg = Release|Any CPU
		{5071D0A4-215A-4505-B6E2-F904AF5614F7}.Release|Any CPU.Build.0 = Release|Any CPU
	EndGlobalSection
	GlobalSection(SolutionProperties) = preSolution
		HideSolutionNode = FALSE
	EndGlobalSection
	GlobalSection(ExtensibilityGlobals) = postSolution
		SolutionGuid = {7FC3EB41-5A70-484B-8333-4852CD6828B2}
	EndGlobalSection
EndGlobal
